// !$*UTF8*$!
{
	archiveVersion = 1;
	classes = {
	};
	objectVersion = 60;
	objects = {

/* Begin PBXBuildFile section */
		AB0220000000000000000000 /* PreviewData.swift in Sources */ = {isa = PBXBuildFile; fileRef = AA0220000000000000000000 /* PreviewData.swift */; };
		AB0201000000000000000000 /* ClaudeModels.swift in Sources */ = {isa = PBXBuildFile; fileRef = AA0201000000000000000000 /* ClaudeModels.swift */; };
		AB0202000000000000000000 /* ClaudePrompts.swift in Sources */ = {isa = PBXBuildFile; fileRef = AA0202000000000000000000 /* ClaudePrompts.swift */; };
		AB0203000000000000000000 /* ClaudeService.swift in Sources */ = {isa = PBXBuildFile; fileRef = AA0203000000000000000000 /* ClaudeService.swift */; };
		AB0204000000000000000000 /* DigestNotificationService.swift in Sources */ = {isa = PBXBuildFile; fileRef = AA0204000000000000000000 /* DigestNotificationService.swift */; };
		AB0205000000000000000000 /* EncryptionService.swift in Sources */ = {isa = PBXBuildFile; fileRef = AA0205000000000000000000 /* EncryptionService.swift */; };
		AB0206000000000000000000 /* SupabaseModels.swift in Sources */ = {isa = PBXBuildFile; fileRef = AA0206000000000000000000 /* SupabaseModels.swift */; };
		AB0207000000000000000000 /* SupabaseService.swift in Sources */ = {isa = PBXBuildFile; fileRef = AA0207000000000000000000 /* SupabaseService.swift */; };
		AB0208000000000000000000 /* Pattern.swift in Sources */ = {isa = PBXBuildFile; fileRef = AA0208000000000000000000 /* Pattern.swift */; };
		AB0209000000000000000000 /* WeeklyDigest.swift in Sources */ = {isa = PBXBuildFile; fileRef = AA0209000000000000000000 /* WeeklyDigest.swift */; };
		AB020A000000000000000000 /* SentimentBadge.swift in Sources */ = {isa = PBXBuildFile; fileRef = AA020A000000000000000000 /* SentimentBadge.swift */; };
		AB020B000000000000000000 /* SentimentDistributionBar.swift in Sources */ = {isa = PBXBuildFile; fileRef = AA020B000000000000000000 /* SentimentDistributionBar.swift */; };
		AB020C000000000000000000 /* HapticFeedback.swift in Sources */ = {isa = PBXBuildFile; fileRef = AA020C000000000000000000 /* HapticFeedback.swift */; };
		AB020D000000000000000000 /* GraphViewModel.swift in Sources */ = {isa = PBXBuildFile; fileRef = AA020D000000000000000000 /* GraphViewModel.swift */; };
		AB020E000000000000000000 /* RelationshipGraphView.swift in Sources */ = {isa = PBXBuildFile; fileRef = AA020E000000000000000000 /* RelationshipGraphView.swift */; };
		AB020F000000000000000000 /* ForceSimulation.swift in Sources */ = {isa = PBXBuildFile; fileRef = AA020F000000000000000000 /* ForceSimulation.swift */; };
		AB0210000000000000000000 /* GraphRenderer.swift in Sources */ = {isa = PBXBuildFile; fileRef = AA0210000000000000000000 /* GraphRenderer.swift */; };
		AB0211000000000000000000 /* GraphShaders.metal in Sources */ = {isa = PBXBuildFile; fileRef = AA0211000000000000000000 /* GraphShaders.metal */; };
		AB0212000000000000000000 /* DigestListView.swift in Sources */ = {isa = PBXBuildFile; fileRef = AA0212000000000000000000 /* DigestListView.swift */; };
		AB0213000000000000000000 /* DigestDetailView.swift in Sources */ = {isa = PBXBuildFile; fileRef = AA0213000000000000000000 /* DigestDetailView.swift */; };
		AB0214000000000000000000 /* OnboardingView.swift in Sources */ = {isa = PBXBuildFile; fileRef = AA0214000000000000000000 /* OnboardingView.swift */; };
		AB0215000000000000000000 /* SettingsView.swift in Sources */ = {isa = PBXBuildFile; fileRef = AA0215000000000000000000 /* SettingsView.swift */; };
		AB0000010000000000000000 /* AnchorApp.swift in Sources */ = {isa = PBXBuildFile; fileRef = AA0000010000000000000000 /* AnchorApp.swift */; };
		AB0000020000000000000000 /* ContentView.swift in Sources */ = {isa = PBXBuildFile; fileRef = AA0000020000000000000000 /* ContentView.swift */; };
		AB0000030000000000000000 /* Enums.swift in Sources */ = {isa = PBXBuildFile; fileRef = AA0000030000000000000000 /* Enums.swift */; };
		AB0000040000000000000000 /* Person.swift in Sources */ = {isa = PBXBuildFile; fileRef = AA0000040000000000000000 /* Person.swift */; };
		AB0000050000000000000000 /* Interaction.swift in Sources */ = {isa = PBXBuildFile; fileRef = AA0000050000000000000000 /* Interaction.swift */; };
		AB0000060000000000000000 /* PillSelector.swift in Sources */ = {isa = PBXBuildFile; fileRef = AA0000060000000000000000 /* PillSelector.swift */; };
		AB0000160000000000000000 /* InitiationRatioBar.swift in Sources */ = {isa = PBXBuildFile; fileRef = AA0000160000000000000000 /* InitiationRatioBar.swift */; };
		AB0000070000000000000000 /* PeopleListView.swift in Sources */ = {isa = PBXBuildFile; fileRef = AA0000070000000000000000 /* PeopleListView.swift */; };
		AB0000080000000000000000 /* PersonRowView.swift in Sources */ = {isa = PBXBuildFile; fileRef = AA0000080000000000000000 /* PersonRowView.swift */; };
		AB0000090000000000000000 /* PersonDetailView.swift in Sources */ = {isa = PBXBuildFile; fileRef = AA0000090000000000000000 /* PersonDetailView.swift */; };
		AB00000A0000000000000000 /* AddPersonView.swift in Sources */ = {isa = PBXBuildFile; fileRef = AA00000A0000000000000000 /* AddPersonView.swift */; };
		AB00000B0000000000000000 /* LogInteractionView.swift in Sources */ = {isa = PBXBuildFile; fileRef = AA00000B0000000000000000 /* LogInteractionView.swift */; };
		AB00000C0000000000000000 /* GraphPlaceholderView.swift in Sources */ = {isa = PBXBuildFile; fileRef = AA00000C0000000000000000 /* GraphPlaceholderView.swift */; };
		AB00000D0000000000000000 /* Assets.xcassets in Resources */ = {isa = PBXBuildFile; fileRef = AA00000D0000000000000000 /* Assets.xcassets */; };
		AB00000E0000000000000000 /* Preview Assets.xcassets in Resources */ = {isa = PBXBuildFile; fileRef = AA00000E0000000000000000 /* Preview Assets.xcassets */; };
		AB0301000000000000000000 /* SpeechRecognizer.swift in Sources */ = {isa = PBXBuildFile; fileRef = AA0301000000000000000000 /* SpeechRecognizer.swift */; };
		AB0302000000000000000000 /* PerceptionCheckView.swift in Sources */ = {isa = PBXBuildFile; fileRef = AA0302000000000000000000 /* PerceptionCheckView.swift */; };
		AB0303000000000000000000 /* AnchorAPIService.swift in Sources */ = {isa = PBXBuildFile; fileRef = AA0303000000000000000000 /* AnchorAPIService.swift */; };
/* End PBXBuildFile section */

/* Begin PBXFileReference section */
		AA0220000000000000000000 /* PreviewData.swift */ = {isa = PBXFileReference; lastKnownFileType = sourcecode.swift; path = PreviewData.swift; sourceTree = "<group>"; };
		AA0201000000000000000000 /* ClaudeModels.swift */ = {isa = PBXFileReference; lastKnownFileType = sourcecode.swift; path = ClaudeModels.swift; sourceTree = "<group>"; };
		AA0202000000000000000000 /* ClaudePrompts.swift */ = {isa = PBXFileReference; lastKnownFileType = sourcecode.swift; path = ClaudePrompts.swift; sourceTree = "<group>"; };
		AA0203000000000000000000 /* ClaudeService.swift */ = {isa = PBXFileReference; lastKnownFileType = sourcecode.swift; path = ClaudeService.swift; sourceTree = "<group>"; };
		AA0204000000000000000000 /* DigestNotificationService.swift */ = {isa = PBXFileReference; lastKnownFileType = sourcecode.swift; path = DigestNotificationService.swift; sourceTree = "<group>"; };
		AA0205000000000000000000 /* EncryptionService.swift */ = {isa = PBXFileReference; lastKnownFileType = sourcecode.swift; path = EncryptionService.swift; sourceTree = "<group>"; };
		AA0206000000000000000000 /* SupabaseModels.swift */ = {isa = PBXFileReference; lastKnownFileType = sourcecode.swift; path = SupabaseModels.swift; sourceTree = "<group>"; };
		AA0207000000000000000000 /* SupabaseService.swift */ = {isa = PBXFileReference; lastKnownFileType = sourcecode.swift; path = SupabaseService.swift; sourceTree = "<group>"; };
		AA0208000000000000000000 /* Pattern.swift */ = {isa = PBXFileReference; lastKnownFileType = sourcecode.swift; path = Pattern.swift; sourceTree = "<group>"; };
		AA0209000000000000000000 /* WeeklyDigest.swift */ = {isa = PBXFileReference; lastKnownFileType = sourcecode.swift; path = WeeklyDigest.swift; sourceTree = "<group>"; };
		AA020A000000000000000000 /* SentimentBadge.swift */ = {isa = PBXFileReference; lastKnownFileType = sourcecode.swift; path = SentimentBadge.swift; sourceTree = "<group>"; };
		AA020B000000000000000000 /* SentimentDistributionBar.swift */ = {isa = PBXFileReference; lastKnownFileType = sourcecode.swift; path = SentimentDistributionBar.swift; sourceTree = "<group>"; };
		AA020C000000000000000000 /* HapticFeedback.swift */ = {isa = PBXFileReference; lastKnownFileType = sourcecode.swift; path = HapticFeedback.swift; sourceTree = "<group>"; };
		AA020D000000000000000000 /* GraphViewModel.swift */ = {isa = PBXFileReference; lastKnownFileType = sourcecode.swift; path = GraphViewModel.swift; sourceTree = "<group>"; };
		AA020E000000000000000000 /* RelationshipGraphView.swift */ = {isa = PBXFileReference; lastKnownFileType = sourcecode.swift; path = RelationshipGraphView.swift; sourceTree = "<group>"; };
		AA020F000000000000000000 /* ForceSimulation.swift */ = {isa = PBXFileReference; lastKnownFileType = sourcecode.swift; path = ForceSimulation.swift; sourceTree = "<group>"; };
		AA0210000000000000000000 /* GraphRenderer.swift */ = {isa = PBXFileReference; lastKnownFileType = sourcecode.swift; path = GraphRenderer.swift; sourceTree = "<group>"; };
		AA0211000000000000000000 /* GraphShaders.metal */ = {isa = PBXFileReference; lastKnownFileType = sourcecode.metal; path = GraphShaders.metal; sourceTree = "<group>"; };
		AA0212000000000000000000 /* DigestListView.swift */ = {isa = PBXFileReference; lastKnownFileType = sourcecode.swift; path = DigestListView.swift; sourceTree = "<group>"; };
		AA0213000000000000000000 /* DigestDetailView.swift */ = {isa = PBXFileReference; lastKnownFileType = sourcecode.swift; path = DigestDetailView.swift; sourceTree = "<group>"; };
		AA0214000000000000000000 /* OnboardingView.swift */ = {isa = PBXFileReference; lastKnownFileType = sourcecode.swift; path = OnboardingView.swift; sourceTree = "<group>"; };
		AA0215000000000000000000 /* SettingsView.swift */ = {isa = PBXFileReference; lastKnownFileType = sourcecode.swift; path = SettingsView.swift; sourceTree = "<group>"; };
		AA0000010000000000000000 /* AnchorApp.swift */ = {isa = PBXFileReference; lastKnownFileType = sourcecode.swift; path = AnchorApp.swift; sourceTree = "<group>"; };
		AA0000020000000000000000 /* ContentView.swift */ = {isa = PBXFileReference; lastKnownFileType = sourcecode.swift; path = ContentView.swift; sourceTree = "<group>"; };
		AA0000030000000000000000 /* Enums.swift */ = {isa = PBXFileReference; lastKnownFileType = sourcecode.swift; path = Enums.swift; sourceTree = "<group>"; };
		AA0000040000000000000000 /* Person.swift */ = {isa = PBXFileReference; lastKnownFileType = sourcecode.swift; path = Person.swift; sourceTree = "<group>"; };
		AA0000050000000000000000 /* Interaction.swift */ = {isa = PBXFileReference; lastKnownFileType = sourcecode.swift; path = Interaction.swift; sourceTree = "<group>"; };
		AA0000060000000000000000 /* PillSelector.swift */ = {isa = PBXFileReference; lastKnownFileType = sourcecode.swift; path = PillSelector.swift; sourceTree = "<group>"; };
		AA0000160000000000000000 /* InitiationRatioBar.swift */ = {isa = PBXFileReference; lastKnownFileType = sourcecode.swift; path = InitiationRatioBar.swift; sourceTree = "<group>"; };
		AA0000070000000000000000 /* PeopleListView.swift */ = {isa = PBXFileReference; lastKnownFileType = sourcecode.swift; path = PeopleListView.swift; sourceTree = "<group>"; };
		AA0000080000000000000000 /* PersonRowView.swift */ = {isa = PBXFileReference; lastKnownFileType = sourcecode.swift; path = PersonRowView.swift; sourceTree = "<group>"; };
		AA0000090000000000000000 /* PersonDetailView.swift */ = {isa = PBXFileReference; lastKnownFileType = sourcecode.swift; path = PersonDetailView.swift; sourceTree = "<group>"; };
		AA00000A0000000000000000 /* AddPersonView.swift */ = {isa = PBXFileReference; lastKnownFileType = sourcecode.swift; path = AddPersonView.swift; sourceTree = "<group>"; };
		AA00000B0000000000000000 /* LogInteractionView.swift */ = {isa = PBXFileReference; lastKnownFileType = sourcecode.swift; path = LogInteractionView.swift; sourceTree = "<group>"; };
		AA00000C0000000000000000 /* GraphPlaceholderView.swift */ = {isa = PBXFileReference; lastKnownFileType = sourcecode.swift; path = GraphPlaceholderView.swift; sourceTree = "<group>"; };
		AA00000D0000000000000000 /* Assets.xcassets */ = {isa = PBXFileReference; lastKnownFileType = folder.assetcatalog; path = Assets.xcassets; sourceTree = "<group>"; };
		AA00000E0000000000000000 /* Preview Assets.xcassets */ = {isa = PBXFileReference; lastKnownFileType = folder.assetcatalog; path = "Preview Assets.xcassets"; sourceTree = "<group>"; };
		AA0301000000000000000000 /* SpeechRecognizer.swift */ = {isa = PBXFileReference; lastKnownFileType = sourcecode.swift; path = SpeechRecognizer.swift; sourceTree = "<group>"; };
		AA0302000000000000000000 /* PerceptionCheckView.swift */ = {isa = PBXFileReference; lastKnownFileType = sourcecode.swift; path = PerceptionCheckView.swift; sourceTree = "<group>"; };
		AA0303000000000000000000 /* AnchorAPIService.swift */ = {isa = PBXFileReference; lastKnownFileType = sourcecode.swift; path = AnchorAPIService.swift; sourceTree = "<group>"; };
		B20000010000000000000000 /* Anchor.app */ = {isa = PBXFileReference; explicitFileType = wrapper.application; includeInIndex = 0; path = Anchor.app; sourceTree = BUILT_PRODUCTS_DIR; };
/* End PBXFileReference section */

/* Begin PBXFrameworksBuildPhase section */
		AE0000030000000000000000 /* Frameworks */ = {
			isa = PBXFrameworksBuildPhase;
			buildActionMask = 2147483647;
			files = (
			);
			runOnlyForDeploymentPostprocessing = 0;
		};
/* End PBXFrameworksBuildPhase section */

/* Begin PBXGroup section */
		AC0000010000000000000000 = {
			isa = PBXGroup;
			children = (
				AC0000030000000000000000 /* Anchor */,
				AC0000020000000000000000 /* Products */,
			);
			sourceTree = "<group>";
		};
		AC0000020000000000000000 /* Products */ = {
			isa = PBXGroup;
			children = (
				B20000010000000000000000 /* Anchor.app */,
			);
			name = Products;
			sourceTree = "<group>";
		};
		AC0000030000000000000000 /* Anchor */ = {
			isa = PBXGroup;
			children = (
				AA0000010000000000000000 /* AnchorApp.swift */,
				AA0000020000000000000000 /* ContentView.swift */,
				AC0000040000000000000000 /* Models */,
				AC0B01000000000000000000 /* Services */,
				AC0000050000000000000000 /* Views */,
				AA00000D0000000000000000 /* Assets.xcassets */,
				AC00000A0000000000000000 /* Preview Content */,
			);
			path = Anchor;
			sourceTree = "<group>";
		};
		AC0000040000000000000000 /* Models */ = {
			isa = PBXGroup;
			children = (
				AA0000030000000000000000 /* Enums.swift */,
				AA0000040000000000000000 /* Person.swift */,
				AA0000050000000000000000 /* Interaction.swift */,
				AA0208000000000000000000 /* Pattern.swift */,
				AA0209000000000000000000 /* WeeklyDigest.swift */,
			);
			path = Models;
			sourceTree = "<group>";
		};
		AC0000050000000000000000 /* Views */ = {
			isa = PBXGroup;
			children = (
				AC0000060000000000000000 /* Components */,
				AC0000070000000000000000 /* People */,
				AC0000080000000000000000 /* Interactions */,
				AC0000090000000000000000 /* Graph */,
				AC0B06000000000000000000 /* Digests */,
				AC0B07000000000000000000 /* Onboarding */,
				AC0B08000000000000000000 /* Settings */,
				AC0B0A000000000000000000 /* PerceptionCheck */,
			);
			path = Views;
			sourceTree = "<group>";
		};
		AC0000060000000000000000 /* Components */ = {
			isa = PBXGroup;
			children = (
				AA0000060000000000000000 /* PillSelector.swift */,
				AA0000160000000000000000 /* InitiationRatioBar.swift */,
				AA020A000000000000000000 /* SentimentBadge.swift */,
				AA020B000000000000000000 /* SentimentDistributionBar.swift */,
				AA020C000000000000000000 /* HapticFeedback.swift */,
			);
			path = Components;
			sourceTree = "<group>";
		};
		AC0000070000000000000000 /* People */ = {
			isa = PBXGroup;
			children = (
				AA0000070000000000000000 /* PeopleListView.swift */,
				AA0000080000000000000000 /* PersonRowView.swift */,
				AA0000090000000000000000 /* PersonDetailView.swift */,
				AA00000A0000000000000000 /* AddPersonView.swift */,
			);
			path = People;
			sourceTree = "<group>";
		};
		AC0000080000000000000000 /* Interactions */ = {
			isa = PBXGroup;
			children = (
				AA00000B0000000000000000 /* LogInteractionView.swift */,
			);
			path = Interactions;
			sourceTree = "<group>";
		};
		AC0000090000000000000000 /* Graph */ = {
			isa = PBXGroup;
			children = (
				AA00000C0000000000000000 /* GraphPlaceholderView.swift */,
				AA020D000000000000000000 /* GraphViewModel.swift */,
				AA020E000000000000000000 /* RelationshipGraphView.swift */,
				AC0B05000000000000000000 /* Metal */,
			);
			path = Graph;
			sourceTree = "<group>";
		};
		AC00000A0000000000000000 /* Preview Content */ = {
			isa = PBXGroup;
			children = (
				AA00000E0000000000000000 /* Preview Assets.xcassets */,
				AA0220000000000000000000 /* PreviewData.swift */,
			);
			name = "Preview Content";
			path = "Preview Content";
			sourceTree = "<group>";
		};

		AC0B01000000000000000000 /* Services */ = {
			isa = PBXGroup;
			children = (

				AC0B02000000000000000000 /* Claude */,
				AC0B03000000000000000000 /* Notifications */,
				AC0B04000000000000000000 /* Supabase */,
				AC0B09000000000000000000 /* Speech */,
				AC0B0B000000000000000000 /* APISync */,
			);
			path = Services;
			sourceTree = "<group>";
		};

		AC0B02000000000000000000 /* Claude */ = {
			isa = PBXGroup;
			children = (
								AA0201000000000000000000 /* ClaudeModels.swift */,
				AA0202000000000000000000 /* ClaudePrompts.swift */,
				AA0203000000000000000000 /* ClaudeService.swift */,
			);
			path = Claude;
			sourceTree = "<group>";
		};

		AC0B03000000000000000000 /* Notifications */ = {
			isa = PBXGroup;
			children = (
								AA0204000000000000000000 /* DigestNotificationService.swift */,
			);
			path = Notifications;
			sourceTree = "<group>";
		};

		AC0B04000000000000000000 /* Supabase */ = {
			isa = PBXGroup;
			children = (
								AA0205000000000000000000 /* EncryptionService.swift */,
				AA0206000000000000000000 /* SupabaseModels.swift */,
				AA0207000000000000000000 /* SupabaseService.swift */,
			);
			path = Supabase;
			sourceTree = "<group>";
		};

		AC0B05000000000000000000 /* Metal */ = {
			isa = PBXGroup;
			children = (
								AA020F000000000000000000 /* ForceSimulation.swift */,
				AA0210000000000000000000 /* GraphRenderer.swift */,
				AA0211000000000000000000 /* GraphShaders.metal */,
			);
			path = Metal;
			sourceTree = "<group>";
		};

		AC0B06000000000000000000 /* Digests */ = {
			isa = PBXGroup;
			children = (
								AA0212000000000000000000 /* DigestListView.swift */,
				AA0213000000000000000000 /* DigestDetailView.swift */,
			);
			path = Digests;
			sourceTree = "<group>";
		};

		AC0B07000000000000000000 /* Onboarding */ = {
			isa = PBXGroup;
			children = (
								AA0214000000000000000000 /* OnboardingView.swift */,
			);
			path = Onboarding;
			sourceTree = "<group>";
		};

		AC0B08000000000000000000 /* Settings */ = {
			isa = PBXGroup;
			children = (
								AA0215000000000000000000 /* SettingsView.swift */,
			);
			path = Settings;
			sourceTree = "<group>";
		};

		AC0B09000000000000000000 /* Speech */ = {
			isa = PBXGroup;
			children = (
								AA0301000000000000000000 /* SpeechRecognizer.swift */,
			);
			path = Speech;
			sourceTree = "<group>";
		};

		AC0B0A000000000000000000 /* PerceptionCheck */ = {
			isa = PBXGroup;
			children = (
								AA0302000000000000000000 /* PerceptionCheckView.swift */,
			);
			path = PerceptionCheck;
			sourceTree = "<group>";
		};

		AC0B0B000000000000000000 /* APISync */ = {
			isa = PBXGroup;
			children = (
								AA0303000000000000000000 /* AnchorAPIService.swift */,
			);
			path = APISync;
			sourceTree = "<group>";
		};

/* End PBXGroup section */

/* Begin PBXNativeTarget section */
		AD0000010000000000000000 /* Anchor */ = {
			isa = PBXNativeTarget;
			buildConfigurationList = AF0000020000000000000000 /* Build configuration list for PBXNativeTarget "Anchor" */;
			buildPhases = (
				AE0000010000000000000000 /* Sources */,
				AE0000020000000000000000 /* Resources */,
				AE0000030000000000000000 /* Frameworks */,
			);
			buildRules = (
			);
			dependencies = (
			);
			name = Anchor;
			productName = Anchor;
			productReference = B20000010000000000000000 /* Anchor.app */;
			productType = "com.apple.product-type.application";
		};
/* End PBXNativeTarget section */

/* Begin PBXProject section */
		B10000010000000000000000 /* Project object */ = {
			isa = PBXProject;
			attributes = {
				BuildIndependentTargetsInParallel = 1;
				LastSwiftUpdateCheck = 1600;
				LastUpgradeCheck = 1600;
				TargetAttributes = {
					AD0000010000000000000000 = {
						CreatedOnToolsVersion = 16.0;
					};
				};
			};
			buildConfigurationList = AF0000010000000000000000 /* Build configuration list for PBXProject "Anchor" */;
			compatibilityVersion = "Xcode 14.0";
			developmentRegion = en;
			hasScannedForEncodings = 0;
			knownRegions = (
				en,
				Base,
			);
			mainGroup = AC0000010000000000000000;
			productRefGroup = AC0000020000000000000000 /* Products */;
			projectDirPath = "";
			projectRoot = "";
			targets = (
				AD0000010000000000000000 /* Anchor */,
			);
		};
/* End PBXProject section */

/* Begin PBXResourcesBuildPhase section */
		AE0000020000000000000000 /* Resources */ = {
			isa = PBXResourcesBuildPhase;
			buildActionMask = 2147483647;
			files = (
				AB00000D0000000000000000 /* Assets.xcassets in Resources */,
				AB00000E0000000000000000 /* Preview Assets.xcassets in Resources */,
			);
			runOnlyForDeploymentPostprocessing = 0;
		};
/* End PBXResourcesBuildPhase section */

/* Begin PBXSourcesBuildPhase section */
		AE0000010000000000000000 /* Sources */ = {
			isa = PBXSourcesBuildPhase;
			buildActionMask = 2147483647;
			files = (
				AB0000010000000000000000 /* AnchorApp.swift in Sources */,
				AB0000020000000000000000 /* ContentView.swift in Sources */,
				AB0000030000000000000000 /* Enums.swift in Sources */,
				AB0000040000000000000000 /* Person.swift in Sources */,
				AB0000050000000000000000 /* Interaction.swift in Sources */,
				AB0000060000000000000000 /* PillSelector.swift in Sources */,
				AB0000160000000000000000 /* InitiationRatioBar.swift in Sources */,
				AB0000070000000000000000 /* PeopleListView.swift in Sources */,
				AB0000080000000000000000 /* PersonRowView.swift in Sources */,
				AB0000090000000000000000 /* PersonDetailView.swift in Sources */,
				AB00000A0000000000000000 /* AddPersonView.swift in Sources */,
				AB00000B0000000000000000 /* LogInteractionView.swift in Sources */,
				AB00000C0000000000000000 /* GraphPlaceholderView.swift in Sources */,
			
				AB0201000000000000000000 /* ClaudeModels.swift in Sources */,
				AB0202000000000000000000 /* ClaudePrompts.swift in Sources */,
				AB0203000000000000000000 /* ClaudeService.swift in Sources */,
				AB0204000000000000000000 /* DigestNotificationService.swift in Sources */,
				AB0205000000000000000000 /* EncryptionService.swift in Sources */,
				AB0206000000000000000000 /* SupabaseModels.swift in Sources */,
				AB0207000000000000000000 /* SupabaseService.swift in Sources */,
				AB0208000000000000000000 /* Pattern.swift in Sources */,
				AB0209000000000000000000 /* WeeklyDigest.swift in Sources */,
				AB020A000000000000000000 /* SentimentBadge.swift in Sources */,
				AB020B000000000000000000 /* SentimentDistributionBar.swift in Sources */,
				AB020C000000000000000000 /* HapticFeedback.swift in Sources */,
				AB020D000000000000000000 /* GraphViewModel.swift in Sources */,
				AB020E000000000000000000 /* RelationshipGraphView.swift in Sources */,
				AB020F000000000000000000 /* ForceSimulation.swift in Sources */,
				AB0210000000000000000000 /* GraphRenderer.swift in Sources */,
				AB0211000000000000000000 /* GraphShaders.metal in Sources */,
				AB0212000000000000000000 /* DigestListView.swift in Sources */,
				AB0213000000000000000000 /* DigestDetailView.swift in Sources */,
				AB0214000000000000000000 /* OnboardingView.swift in Sources */,
				AB0215000000000000000000 /* SettingsView.swift in Sources */,
				AB0220000000000000000000 /* PreviewData.swift in Sources */,
				AB0301000000000000000000 /* SpeechRecognizer.swift in Sources */,
				AB0302000000000000000000 /* PerceptionCheckView.swift in Sources */,
				AB0303000000000000000000 /* AnchorAPIService.swift in Sources */,
			);
			runOnlyForDeploymentPostprocessing = 0;
		};
/* End PBXSourcesBuildPhase section */

/* Begin XCBuildConfiguration section */
		B00000010000000000000000 /* Debug */ = {
			isa = XCBuildConfiguration;
			buildSettings = {
				ALWAYS_SEARCH_USER_PATHS = NO;
				ASSETCATALOG_COMPILER_GENERATE_SWIFT_ASSET_SYMBOL_EXTENSIONS = YES;
				CLANG_ANALYZER_NONNULL = YES;
				CLANG_ANALYZER_NUMBER_OBJECT_CONVERSION = YES_AGGRESSIVE;
				CLANG_CXX_LANGUAGE_STANDARD = "gnu++20";
				CLANG_ENABLE_MODULES = YES;
				CLANG_ENABLE_OBJC_ARC = YES;
				CLANG_ENABLE_OBJC_WEAK = YES;
				CLANG_WARN_BLOCK_CAPTURE_AUTORELEASING = YES;
				CLANG_WARN_BOOL_CONVERSION = YES;
				CLANG_WARN_COMMA = YES;
				CLANG_WARN_CONSTANT_CONVERSION = YES;
				CLANG_WARN_DEPRECATED_OBJC_IMPLEMENTATIONS = YES;
				CLANG_WARN_DIRECT_OBJC_ISA_USAGE = YES_ERROR;
				CLANG_WARN_DOCUMENTATION_COMMENTS = YES;
				CLANG_WARN_EMPTY_BODY = YES;
				CLANG_WARN_ENUM_CONVERSION = YES;
				CLANG_WARN_INFINITE_RECURSION = YES;
				CLANG_WARN_INT_CONVERSION = YES;
				CLANG_WARN_NON_LITERAL_NULL_CONVERSION = YES;
				CLANG_WARN_OBJC_IMPLICIT_RETAIN_CYCLE = YES;
				CLANG_WARN_OBJC_LITERAL_CONVERSION = YES;
				CLANG_WARN_OBJC_ROOT_CLASS = YES_ERROR;
				CLANG_WARN_QUOTED_INCLUDE_IN_FRAMEWORK_HEADER = YES;
				CLANG_WARN_RANGE_LOOP_ANALYSIS = YES;
				CLANG_WARN_STRICT_PROTOTYPES = YES;
				CLANG_WARN_SUSPICIOUS_MOVE = YES;
				CLANG_WARN_UNGUARDED_AVAILABILITY = YES_AGGRESSIVE;
				CLANG_WARN_UNREACHABLE_CODE = YES;
				CLANG_WARN__DUPLICATE_METHOD_MATCH = YES;
				COPY_PHASE_STRIP = NO;
				DEBUG_INFORMATION_FORMAT = dwarf;
				ENABLE_STRICT_OBJC_MSGSEND = YES;
				ENABLE_TESTABILITY = YES;
				ENABLE_USER_SCRIPT_SANDBOXING = YES;
				GCC_C_LANGUAGE_STANDARD = gnu17;
				GCC_DYNAMIC_NO_PIC = NO;
				GCC_NO_COMMON_BLOCKS = YES;
				GCC_OPTIMIZATION_LEVEL = 0;
				GCC_PREPROCESSOR_DEFINITIONS = (
					"DEBUG=1",
					"$(inherited)",
				);
				GCC_WARN_64_TO_32_BIT_CONVERSION = YES;
				GCC_WARN_ABOUT_RETURN_TYPE = YES_ERROR;
				GCC_WARN_UNDECLARED_SELECTOR = YES;
				GCC_WARN_UNINITIALIZED_AUTOS = YES_AGGRESSIVE;
				GCC_WARN_UNUSED_FUNCTION = YES;
				GCC_WARN_UNUSED_VARIABLE = YES;
				IPHONEOS_DEPLOYMENT_TARGET = 17.0;
				MTL_ENABLE_DEBUG_INFO = INCLUDE_SOURCE;
				MTL_FAST_MATH = YES;
				ONLY_ACTIVE_ARCH = YES;
				SDKROOT = iphoneos;
				SWIFT_ACTIVE_COMPILATION_CONDITIONS = "DEBUG $(inherited)";
				SWIFT_OPTIMIZATION_LEVEL = "-Onone";
			};
			name = Debug;
		};
		B00000020000000000000000 /* Release */ = {
			isa = XCBuildConfiguration;
			buildSettings = {
				ALWAYS_SEARCH_USER_PATHS = NO;
				ASSETCATALOG_COMPILER_GENERATE_SWIFT_ASSET_SYMBOL_EXTENSIONS = YES;
				CLANG_ANALYZER_NONNULL = YES;
				CLANG_ANALYZER_NUMBER_OBJECT_CONVERSION = YES_AGGRESSIVE;
				CLANG_CXX_LANGUAGE_STANDARD = "gnu++20";
				CLANG_ENABLE_MODULES = YES;
				CLANG_ENABLE_OBJC_ARC = YES;
				CLANG_ENABLE_OBJC_WEAK = YES;
				CLANG_WARN_BLOCK_CAPTURE_AUTORELEASING = YES;
				CLANG_WARN_BOOL_CONVERSION = YES;
				CLANG_WARN_COMMA = YES;
				CLANG_WARN_CONSTANT_CONVERSION = YES;
				CLANG_WARN_DEPRECATED_OBJC_IMPLEMENTATIONS = YES;
				CLANG_WARN_DIRECT_OBJC_ISA_USAGE = YES_ERROR;
				CLANG_WARN_DOCUMENTATION_COMMENTS = YES;
				CLANG_WARN_EMPTY_BODY = YES;
				CLANG_WARN_ENUM_CONVERSION = YES;
				CLANG_WARN_INFINITE_RECURSION = YES;
				CLANG_WARN_INT_CONVERSION = YES;
				CLANG_WARN_NON_LITERAL_NULL_CONVERSION = YES;
				CLANG_WARN_OBJC_IMPLICIT_RETAIN_CYCLE = YES;
				CLANG_WARN_OBJC_LITERAL_CONVERSION = YES;
				CLANG_WARN_OBJC_ROOT_CLASS = YES_ERROR;
				CLANG_WARN_QUOTED_INCLUDE_IN_FRAMEWORK_HEADER = YES;
				CLANG_WARN_RANGE_LOOP_ANALYSIS = YES;
				CLANG_WARN_STRICT_PROTOTYPES = YES;
				CLANG_WARN_SUSPICIOUS_MOVE = YES;
				CLANG_WARN_UNGUARDED_AVAILABILITY = YES_AGGRESSIVE;
				CLANG_WARN_UNREACHABLE_CODE = YES;
				CLANG_WARN__DUPLICATE_METHOD_MATCH = YES;
				COPY_PHASE_STRIP = NO;
				DEBUG_INFORMATION_FORMAT = "dwarf-with-dsym";
				ENABLE_NS_ASSERTIONS = NO;
				ENABLE_STRICT_OBJC_MSGSEND = YES;
				ENABLE_USER_SCRIPT_SANDBOXING = YES;
				GCC_C_LANGUAGE_STANDARD = gnu17;
				GCC_NO_COMMON_BLOCKS = YES;
				GCC_WARN_64_TO_32_BIT_CONVERSION = YES;
				GCC_WARN_ABOUT_RETURN_TYPE = YES_ERROR;
				GCC_WARN_UNDECLARED_SELECTOR = YES;
				GCC_WARN_UNINITIALIZED_AUTOS = YES_AGGRESSIVE;
				GCC_WARN_UNUSED_FUNCTION = YES;
				GCC_WARN_UNUSED_VARIABLE = YES;
				IPHONEOS_DEPLOYMENT_TARGET = 17.0;
				MTL_FAST_MATH = YES;
				SDKROOT = iphoneos;
				SWIFT_COMPILATION_MODE = wholemodule;
				VALIDATE_PRODUCT = YES;
			};
			name = Release;
		};
		B00000030000000000000000 /* Debug */ = {
			isa = XCBuildConfiguration;
			buildSettings = {
				ASSETCATALOG_COMPILER_APPICON_NAME = AppIcon;
				ASSETCATALOG_COMPILER_GLOBAL_ACCENT_COLOR_NAME = AccentColor;
				CODE_SIGN_STYLE = Automatic;
				CURRENT_PROJECT_VERSION = 1;
				DEVELOPMENT_TEAM = "";
				ENABLE_PREVIEWS = YES;
				GENERATE_INFOPLIST_FILE = YES;
				INFOPLIST_KEY_CFBundleDisplayName = Anchor;
				INFOPLIST_KEY_NSMicrophoneUsageDescription = "Anchor uses your microphone to dictate interaction notes.";
				INFOPLIST_KEY_NSSpeechRecognitionUsageDescription = "Anchor uses speech recognition to transcribe your interaction notes on-device.";
				INFOPLIST_KEY_UIApplicationSceneManifest_Generation = YES;
				INFOPLIST_KEY_UIApplicationSupportsIndirectInputEvents = YES;
				INFOPLIST_KEY_UILaunchScreen_Generation = YES;
				INFOPLIST_KEY_UISupportedInterfaceOrientations_iPhone = UIInterfaceOrientationPortrait;
				LD_RUNPATH_SEARCH_PATHS = (
					"$(inherited)",
					"@executable_path/Frameworks",
				);
				MARKETING_VERSION = 1.0;
				PRODUCT_BUNDLE_IDENTIFIER = com.anchor.app;
				PRODUCT_NAME = "$(TARGET_NAME)";
				SWIFT_EMIT_LOC_STRINGS = YES;
				SWIFT_VERSION = 5.0;
				TARGETED_DEVICE_FAMILY = 1;
			};
			name = Debug;
		};
		B00000040000000000000000 /* Release */ = {
			isa = XCBuildConfiguration;
			buildSettings = {
				ASSETCATALOG_COMPILER_APPICON_NAME = AppIcon;
				ASSETCATALOG_COMPILER_GLOBAL_ACCENT_COLOR_NAME = AccentColor;
				CODE_SIGN_STYLE = Automatic;
				CURRENT_PROJECT_VERSION = 1;
				DEVELOPMENT_TEAM = "";
				ENABLE_PREVIEWS = YES;
				GENERATE_INFOPLIST_FILE = YES;
				INFOPLIST_KEY_CFBundleDisplayName = Anchor;
				INFOPLIST_KEY_NSMicrophoneUsageDescription = "Anchor uses your microphone to dictate interaction notes.";
				INFOPLIST_KEY_NSSpeechRecognitionUsageDescription = "Anchor uses speech recognition to transcribe your interaction notes on-device.";
				INFOPLIST_KEY_UIApplicationSceneManifest_Generation = YES;
				INFOPLIST_KEY_UIApplicationSupportsIndirectInputEvents = YES;
				INFOPLIST_KEY_UILaunchScreen_Generation = YES;
				INFOPLIST_KEY_UISupportedInterfaceOrientations_iPhone = UIInterfaceOrientationPortrait;
				LD_RUNPATH_SEARCH_PATHS = (
					"$(inherited)",
					"@executable_path/Frameworks",
				);
				MARKETING_VERSION = 1.0;
				PRODUCT_BUNDLE_IDENTIFIER = com.anchor.app;
				PRODUCT_NAME = "$(TARGET_NAME)";
				SWIFT_EMIT_LOC_STRINGS = YES;
				SWIFT_VERSION = 5.0;
				TARGETED_DEVICE_FAMILY = 1;
			};
			name = Release;
		};
/* End XCBuildConfiguration section */

/* Begin XCConfigurationList section */
		AF0000010000000000000000 /* Build configuration list for PBXProject "Anchor" */ = {
			isa = XCConfigurationList;
			buildConfigurations = (
				B00000010000000000000000 /* Debug */,
				B00000020000000000000000 /* Release */,
			);
			defaultConfigurationIsVisible = 0;
			defaultConfigurationName = Release;
		};
		AF0000020000000000000000 /* Build configuration list for PBXNativeTarget "Anchor" */ = {
			isa = XCConfigurationList;
			buildConfigurations = (
				B00000030000000000000000 /* Debug */,
				B00000040000000000000000 /* Release */,
			);
			defaultConfigurationIsVisible = 0;
			defaultConfigurationName = Release;
		};
/* End XCConfigurationList section */

	};
	rootObject = B10000010000000000000000 /* Project object */;
}
